
Microsoft Visual Studio Solution File, Format Version 12.00
# Visual Studio Version 17
VisualStudioVersion = 17.3.32901.215
MinimumVisualStudioVersion = 10.0.40219.1
Project("{FAE04EC0-301F-11D3-BF4B-00C04F79EFBC}") = "DZ_1_WinForm", "DZ_1_WinForm.csproj", "{90B7105C-3F6F-484D-BA38-A624AB152A31}"
EndProject
Global
	GlobalSection(SolutionConfigurationPlatforms) = preSolution
		Debug|Any CPU = Debug|Any CPU
		Release|Any CPU = Release|Any CPU
	EndGlobalSection
	GlobalSection(ProjectConfigurationPlatforms) = postSolution
		{90B7105C-3F6F-484D-BA38-A624AB152A31}.Debug|Any CPU.ActiveCfg = Debug|Any CPU
		{90B7105C-3F6F-484D-BA38-A624AB152A31}.Debug|Any CPU.Build.0 = Debug|Any CPU
		{90B7105C-3F6F-484D-BA38-A624AB152A31}.Release|Any CPU.ActiveCfg = Release|Any CPU
		{90B7105C-3F6F-484D-BA38-A624AB152A31}.Release|Any CPU.Build.0 = Release|Any CPU
	EndGlobalSection
	GlobalSection(SolutionProperties) = preSolution
		HideSolutionNode = FALSE
	EndGlobalSection
	GlobalSection(ExtensibilityGlobals) = postSolution
		SolutionGuid = {8F8069AB-C9AB-4F96-9C2D-F1B01383C214}
	EndGlobalSection
EndGlobal
